# generated by rye
# use `rye lock` or `rye sync` to update this lockfile
#
# last locked with the following flags:
#   pre: false
#   features: []
#   all-features: false
#   with-sources: false
#   generate-hashes: false
#   universal: false

-e file:.
aiohappyeyeballs==2.6.1
    # via aiohttp
aiohttp==3.12.6
    # via rl-dda-game
aiosignal==1.3.2
    # via aiohttp
async-timeout==5.0.1
    # via aiohttp
attrs==25.3.0
    # via aiohttp
    # via outcome
    # via trio
certifi==2025.4.26
    # via requests
    # via selenium
cffi==1.17.1
    # via trio
charset-normalizer==3.4.2
    # via requests
cloudpickle==3.1.1
    # via tensordict
    # via torchrl
colorama==0.4.6
    # via loguru
    # via pytest
    # via tqdm
contourpy==1.3.2
    # via matplotlib
cycler==0.12.1
    # via matplotlib
exceptiongroup==1.3.0
    # via pytest
    # via trio
    # via trio-websocket
filelock==3.16.1
    # via torch
fonttools==4.57.0
    # via matplotlib
frozenlist==1.6.0
    # via aiohttp
    # via aiosignal
fsspec==2025.3.0
    # via torch
greenlet==3.1.1
    # via playwright
h11==0.16.0
    # via wsproto
helium==5.1.1
    # via rl-dda-game
idna==3.10
    # via requests
    # via trio
    # via yarl
iniconfig==2.1.0
    # via pytest
jinja2==3.1.6
    # via torch
kiwisolver==1.4.7
    # via matplotlib
loguru==0.7.3
    # via rl-dda-game
markupsafe==2.1.5
    # via jinja2
matplotlib==3.10.3
    # via ultralytics
micropip==0.1.0
    # via rl-dda-game
mouseinfo==0.1.3
    # via pyautogui
mpmath==1.3.0
    # via sympy
multidict==6.4.4
    # via aiohttp
    # via yarl
networkx==3.1
    # via torch
numpy==2.2.6
    # via contourpy
    # via matplotlib
    # via opencv-python
    # via pandas
    # via rl-dda-game
    # via scipy
    # via tensordict
    # via torchrl
    # via torchvision
    # via ultralytics
    # via ultralytics-thop
opencv-python==4.11.0.86
    # via rl-dda-game
    # via ultralytics
orjson==3.10.15
    # via tensordict
outcome==1.3.0.post0
    # via trio
    # via trio-websocket
packaging==25.0
    # via matplotlib
    # via pytest
    # via torchrl
    # via webdriver-manager
pandas==2.0.3
    # via ultralytics
pillow==10.4.0
    # via matplotlib
    # via pyscreeze
    # via rl-dda-game
    # via torchvision
    # via ultralytics
pip==25.1.1
    # via rl-dda-game
pipe==2.2
    # via rl-dda-game
playwright==1.48.0
    # via pytest-playwright
    # via rl-dda-game
pluggy==1.5.0
    # via pytest
polars==1.30.0
    # via rl-dda-game
propcache==0.3.1
    # via aiohttp
    # via yarl
psutil==7.0.0
    # via ultralytics
py-cpuinfo==9.0.0
    # via ultralytics
pyautogui==0.9.54
    # via rl-dda-game
pycparser==2.22
    # via cffi
pyee==12.0.0
    # via playwright
pygetwindow==0.0.9
    # via pyautogui
pymsgbox==1.0.9
    # via pyautogui
pyparsing==3.1.4
    # via matplotlib
pyperclip==1.9.0
    # via mouseinfo
pyrect==0.2.0
    # via pygetwindow
pyscreeze==1.0.1
    # via pyautogui
pysocks==1.7.1
    # via urllib3
pystache==0.6.8
    # via rl-dda-game
pytest==8.3.5
    # via pytest-base-url
    # via pytest-playwright
pytest-base-url==2.1.0
    # via pytest-playwright
pytest-playwright==0.5.2
    # via rl-dda-game
python-dateutil==2.9.0.post0
    # via matplotlib
    # via pandas
python-dotenv==1.1.0
    # via rl-dda-game
    # via webdriver-manager
python-slugify==8.0.4
    # via pytest-playwright
pytweening==1.2.0
    # via pyautogui
pytz==2025.2
    # via pandas
pywin32==310
    # via rl-dda-game
pyxel==2.3.18
    # via rl-dda-game
pyyaml==6.0.2
    # via ultralytics
requests==2.32.3
    # via pytest-base-url
    # via rl-dda-game
    # via ultralytics
    # via webdriver-manager
scipy==1.15.3
    # via ultralytics
selenium==4.33.0
    # via helium
    # via rl-dda-game
setuptools==75.3.2
    # via wasm
six==1.17.0
    # via python-dateutil
sniffio==1.3.1
    # via trio
sortedcontainers==2.4.0
    # via trio
sympy==1.13.3
    # via torch
tensordict==0.5.0
    # via rl-dda-game
    # via torchrl
text-unidecode==1.3
    # via python-slugify
tomli==2.2.1
    # via pytest
toolz==1.0.0
    # via rl-dda-game
torch==2.4.1
    # via rl-dda-game
    # via tensordict
    # via torchrl
    # via torchvision
    # via ultralytics
    # via ultralytics-thop
torchrl==0.5.0
    # via rl-dda-game
torchvision==0.19.1
    # via ultralytics
tqdm==4.67.1
    # via ultralytics
trio==0.30.0
    # via selenium
    # via trio-websocket
trio-websocket==0.12.2
    # via selenium
typing-extensions==4.13.2
    # via exceptiongroup
    # via multidict
    # via pyee
    # via selenium
    # via torch
tzdata==2025.2
    # via pandas
ultralytics==8.3.146
    # via rl-dda-game
ultralytics-thop==2.0.14
    # via ultralytics
urllib3==2.4.0
    # via requests
    # via selenium
wasm==1.2
    # via rl-dda-game
webdriver-manager==4.0.2
    # via rl-dda-game
websocket-client==1.8.0
    # via selenium
websockets==15.0.1
    # via rl-dda-game
win32-setctime==1.2.0
    # via loguru
wsproto==1.2.0
    # via trio-websocket
yarl==1.20.0
    # via aiohttp
